
Microsoft Visual Studio Solution File, Format Version 12.00
# Visual Studio Version 17
VisualStudioVersion = 17.8.34330.188
MinimumVisualStudioVersion = 10.0.40219.1
Project("{FAE04EC0-301F-11D3-BF4B-00C04F79EFBC}") = "Jokeswebpage", "Jokeswebpage.csproj", "{7AFE35F7-77AD-4008-B91A-876BCBA50768}"
EndProject
Global
	GlobalSection(SolutionConfigurationPlatforms) = preSolution
		Debug|Any CPU = Debug|Any CPU
		Release|Any CPU = Release|Any CPU
	EndGlobalSection
	GlobalSection(ProjectConfigurationPlatforms) = postSolution
		{7AFE35F7-77AD-4008-B91A-876BCBA50768}.Debug|Any CPU.ActiveCfg = Debug|Any CPU
		{7AFE35F7-77AD-4008-B91A-876BCBA50768}.Debug|Any CPU.Build.0 = Debug|Any CPU
		{7AFE35F7-77AD-4008-B91A-876BCBA50768}.Release|Any CPU.ActiveCfg = Release|Any CPU
		{7AFE35F7-77AD-4008-B91A-876BCBA50768}.Release|Any CPU.Build.0 = Release|Any CPU
	EndGlobalSection
	GlobalSection(SolutionProperties) = preSolution
		HideSolutionNode = FALSE
	EndGlobalSection
	GlobalSection(ExtensibilityGlobals) = postSolution
		SolutionGuid = {BDB36F37-E13B-4EB7-AA6F-3CE3E8D79356}
	EndGlobalSection
EndGlobal
